
Microsoft Visual Studio Solution File, Format Version 12.00
# Visual Studio Version 16
VisualStudioVersion = 16.0.30717.126
MinimumVisualStudioVersion = 10.0.40219.1
Project("{9A19103F-16F7-4668-BE54-9A1E7A4F7556}") = "KnifeZ.Virgo", "KnifeZ.Virgo\KnifeZ.Virgo.csproj", "{50FC57B0-11DE-4290-B294-D44ACE1CD5C9}"
EndProject
Project("{9A19103F-16F7-4668-BE54-9A1E7A4F7556}") = "KnifeZ.Virgo.Core", "KnifeZ.Virgo.Core\KnifeZ.Virgo.Core.csproj", "{D272DE1E-A616-40FE-A3A2-AF53CE6F2312}"
EndProject
Project("{9A19103F-16F7-4668-BE54-9A1E7A4F7556}") = "KnifeZ.Virgo.Mvc", "KnifeZ.Virgo.Mvc\KnifeZ.Virgo.Mvc.csproj", "{AA395995-B478-4D25-A7E2-3F44BA1F6D39}"
EndProject
Project("{9A19103F-16F7-4668-BE54-9A1E7A4F7556}") = "KnifeZ.Virgo.Mvc.Admin", "KnifeZ.Virgo.Admin\KnifeZ.Virgo.Mvc.Admin.csproj", "{2D932A14-5C16-4BBC-B412-47206CF4E2A5}"
EndProject
Project("{2150E333-8FDC-42A3-9474-1A3956D46DE8}") = "src", "src", "{BE720F82-24D2-44E4-A7A6-C5A51C1A4678}"
EndProject
Project("{FAE04EC0-301F-11D3-BF4B-00C04F79EFBC}") = "KnifeZ.Virgo.DataAccess", "KnifeZ.Virgo.DataAccess\KnifeZ.Virgo.DataAccess.csproj", "{98F508C6-7DD0-4C94-9633-0099D65F7CA1}"
EndProject
Project("{FAE04EC0-301F-11D3-BF4B-00C04F79EFBC}") = "KnifeZ.Virgo.Model", "KnifeZ.Virgo.Model\KnifeZ.Virgo.Model.csproj", "{907CDB02-75ED-4497-818F-BC6B4C0FA201}"
EndProject
Project("{FAE04EC0-301F-11D3-BF4B-00C04F79EFBC}") = "KnifeZ.Virgo.ViewModel", "KnifeZ.Virgo.ViewModel\KnifeZ.Virgo.ViewModel.csproj", "{3FCFC036-95B9-4695-8462-D71AD4B2404D}"
EndProject
Project("{2150E333-8FDC-42A3-9474-1A3956D46DE8}") = "demo", "demo", "{303E3E4E-98CF-47C9-89E3-2884CA97DF2C}"
EndProject
Global
	GlobalSection(SolutionConfigurationPlatforms) = preSolution
		Debug|Any CPU = Debug|Any CPU
		Release|Any CPU = Release|Any CPU
	EndGlobalSection
	GlobalSection(ProjectConfigurationPlatforms) = postSolution
		{50FC57B0-11DE-4290-B294-D44ACE1CD5C9}.Debug|Any CPU.ActiveCfg = Debug|Any CPU
		{50FC57B0-11DE-4290-B294-D44ACE1CD5C9}.Debug|Any CPU.Build.0 = Debug|Any CPU
		{50FC57B0-11DE-4290-B294-D44ACE1CD5C9}.Release|Any CPU.ActiveCfg = Release|Any CPU
		{50FC57B0-11DE-4290-B294-D44ACE1CD5C9}.Release|Any CPU.Build.0 = Release|Any CPU
		{D272DE1E-A616-40FE-A3A2-AF53CE6F2312}.Debug|Any CPU.ActiveCfg = Debug|Any CPU
		{D272DE1E-A616-40FE-A3A2-AF53CE6F2312}.Debug|Any CPU.Build.0 = Debug|Any CPU
		{D272DE1E-A616-40FE-A3A2-AF53CE6F2312}.Release|Any CPU.ActiveCfg = Release|Any CPU
		{D272DE1E-A616-40FE-A3A2-AF53CE6F2312}.Release|Any CPU.Build.0 = Release|Any CPU
		{AA395995-B478-4D25-A7E2-3F44BA1F6D39}.Debug|Any CPU.ActiveCfg = Debug|Any CPU
		{AA395995-B478-4D25-A7E2-3F44BA1F6D39}.Debug|Any CPU.Build.0 = Debug|Any CPU
		{AA395995-B478-4D25-A7E2-3F44BA1F6D39}.Release|Any CPU.ActiveCfg = Release|Any CPU
		{AA395995-B478-4D25-A7E2-3F44BA1F6D39}.Release|Any CPU.Build.0 = Release|Any CPU
		{2D932A14-5C16-4BBC-B412-47206CF4E2A5}.Debug|Any CPU.ActiveCfg = Debug|Any CPU
		{2D932A14-5C16-4BBC-B412-47206CF4E2A5}.Debug|Any CPU.Build.0 = Debug|Any CPU
		{2D932A14-5C16-4BBC-B412-47206CF4E2A5}.Release|Any CPU.ActiveCfg = Release|Any CPU
		{2D932A14-5C16-4BBC-B412-47206CF4E2A5}.Release|Any CPU.Build.0 = Release|Any CPU
		{98F508C6-7DD0-4C94-9633-0099D65F7CA1}.Debug|Any CPU.ActiveCfg = Debug|Any CPU
		{98F508C6-7DD0-4C94-9633-0099D65F7CA1}.Debug|Any CPU.Build.0 = Debug|Any CPU
		{98F508C6-7DD0-4C94-9633-0099D65F7CA1}.Release|Any CPU.ActiveCfg = Release|Any CPU
		{98F508C6-7DD0-4C94-9633-0099D65F7CA1}.Release|Any CPU.Build.0 = Release|Any CPU
		{907CDB02-75ED-4497-818F-BC6B4C0FA201}.Debug|Any CPU.ActiveCfg = Debug|Any CPU
		{907CDB02-75ED-4497-818F-BC6B4C0FA201}.Debug|Any CPU.Build.0 = Debug|Any CPU
		{907CDB02-75ED-4497-818F-BC6B4C0FA201}.Release|Any CPU.ActiveCfg = Release|Any CPU
		{907CDB02-75ED-4497-818F-BC6B4C0FA201}.Release|Any CPU.Build.0 = Release|Any CPU
		{3FCFC036-95B9-4695-8462-D71AD4B2404D}.Debug|Any CPU.ActiveCfg = Debug|Any CPU
		{3FCFC036-95B9-4695-8462-D71AD4B2404D}.Debug|Any CPU.Build.0 = Debug|Any CPU
		{3FCFC036-95B9-4695-8462-D71AD4B2404D}.Release|Any CPU.ActiveCfg = Release|Any CPU
		{3FCFC036-95B9-4695-8462-D71AD4B2404D}.Release|Any CPU.Build.0 = Release|Any CPU
	EndGlobalSection
	GlobalSection(SolutionProperties) = preSolution
		HideSolutionNode = FALSE
	EndGlobalSection
	GlobalSection(NestedProjects) = preSolution
		{50FC57B0-11DE-4290-B294-D44ACE1CD5C9} = {303E3E4E-98CF-47C9-89E3-2884CA97DF2C}
		{D272DE1E-A616-40FE-A3A2-AF53CE6F2312} = {BE720F82-24D2-44E4-A7A6-C5A51C1A4678}
		{AA395995-B478-4D25-A7E2-3F44BA1F6D39} = {BE720F82-24D2-44E4-A7A6-C5A51C1A4678}
		{2D932A14-5C16-4BBC-B412-47206CF4E2A5} = {BE720F82-24D2-44E4-A7A6-C5A51C1A4678}
		{98F508C6-7DD0-4C94-9633-0099D65F7CA1} = {303E3E4E-98CF-47C9-89E3-2884CA97DF2C}
		{907CDB02-75ED-4497-818F-BC6B4C0FA201} = {303E3E4E-98CF-47C9-89E3-2884CA97DF2C}
		{3FCFC036-95B9-4695-8462-D71AD4B2404D} = {303E3E4E-98CF-47C9-89E3-2884CA97DF2C}
	EndGlobalSection
	GlobalSection(ExtensibilityGlobals) = postSolution
		SolutionGuid = {39846794-E652-4F66-9AC2-087EAADF6C9E}
	EndGlobalSection
EndGlobal
